
Microsoft Visual Studio Solution File, Format Version 12.00
# Visual Studio 2012
Project("{8BC9CEB8-8B4A-11D0-8D11-00A0C91BC942}") = "MonsterQuest", "MonsterQuest.vcxproj", "{7A5236A8-27CE-45B2-B0B0-1FA576E68BBE}"
EndProject
Global
	GlobalSection(SolutionConfigurationPlatforms) = preSolution
		Debug|Win32 = Debug|Win32
		Release|Win32 = Release|Win32
	EndGlobalSection
	GlobalSection(ProjectConfigurationPlatforms) = postSolution
		{7A5236A8-27CE-45B2-B0B0-1FA576E68BBE}.Debug|Win32.ActiveCfg = Debug|Win32
		{7A5236A8-27CE-45B2-B0B0-1FA576E68BBE}.Debug|Win32.Build.0 = Debug|Win32
		{7A5236A8-27CE-45B2-B0B0-1FA576E68BBE}.Release|Win32.ActiveCfg = Release|Win32
		{7A5236A8-27CE-45B2-B0B0-1FA576E68BBE}.Release|Win32.Build.0 = Release|Win32
	EndGlobalSection
	GlobalSection(SolutionProperties) = preSolution
		HideSolutionNode = FALSE
	EndGlobalSection
EndGlobal
